// !$*UTF8*$!
{
	archiveVersion = 1;
	classes = {
	};
	objectVersion = 56;
	objects = {

/* Begin PBXBuildFile section */
		744233EC2CBD74DB00AD3698 /* RMLocationTableViewCellViewModel.swift in Sources */ = {isa = PBXBuildFile; fileRef = 744233EB2CBD74DB00AD3698 /* RMLocationTableViewCellViewModel.swift */; };
		744233EE2CBE98E500AD3698 /* RMLocationDetailViewController.swift in Sources */ = {isa = PBXBuildFile; fileRef = 744233ED2CBE98E500AD3698 /* RMLocationDetailViewController.swift */; };
		744233F12CBE9C3E00AD3698 /* RMLocationDetailView.swift in Sources */ = {isa = PBXBuildFile; fileRef = 744233F02CBE9C3E00AD3698 /* RMLocationDetailView.swift */; };
		744233F32CBE9DFD00AD3698 /* RMLocationDetailViewViewModel.swift in Sources */ = {isa = PBXBuildFile; fileRef = 744233F22CBE9DFD00AD3698 /* RMLocationDetailViewViewModel.swift */; };
		744436372CCA83C600B28D37 /* RMSearchResultViewModel.swift in Sources */ = {isa = PBXBuildFile; fileRef = 744436362CCA83C600B28D37 /* RMSearchResultViewModel.swift */; };
		744436392CCBE17A00B28D37 /* RMSearchResultsView.swift in Sources */ = {isa = PBXBuildFile; fileRef = 744436382CCBE17A00B28D37 /* RMSearchResultsView.swift */; };
		7444363B2CCFC83E00B28D37 /* RMTableLoadingFooterView.swift in Sources */ = {isa = PBXBuildFile; fileRef = 7444363A2CCFC83E00B28D37 /* RMTableLoadingFooterView.swift */; };
		745D0A722C0FB280006659AA /* AppDelegate.swift in Sources */ = {isa = PBXBuildFile; fileRef = 745D0A712C0FB280006659AA /* AppDelegate.swift */; };
		745D0A742C0FB280006659AA /* SceneDelegate.swift in Sources */ = {isa = PBXBuildFile; fileRef = 745D0A732C0FB280006659AA /* SceneDelegate.swift */; };
		745D0A762C0FB280006659AA /* RMTabBarController.swift in Sources */ = {isa = PBXBuildFile; fileRef = 745D0A752C0FB280006659AA /* RMTabBarController.swift */; };
		745D0A7B2C0FB281006659AA /* Assets.xcassets in Resources */ = {isa = PBXBuildFile; fileRef = 745D0A7A2C0FB281006659AA /* Assets.xcassets */; };
		745D0A7E2C0FB281006659AA /* Base in Resources */ = {isa = PBXBuildFile; fileRef = 745D0A7D2C0FB281006659AA /* Base */; };
		745D0A8D2C0FBE08006659AA /* RMLocation.swift in Sources */ = {isa = PBXBuildFile; fileRef = 745D0A8C2C0FBE08006659AA /* RMLocation.swift */; };
		745D0A8F2C0FBE28006659AA /* RMCharacter.swift in Sources */ = {isa = PBXBuildFile; fileRef = 745D0A8E2C0FBE28006659AA /* RMCharacter.swift */; };
		745D0A912C0FBE3A006659AA /* RMEpisode.swift in Sources */ = {isa = PBXBuildFile; fileRef = 745D0A902C0FBE3A006659AA /* RMEpisode.swift */; };
		745D0A942C1094CB006659AA /* RMCharacterViewController.swift in Sources */ = {isa = PBXBuildFile; fileRef = 745D0A932C1094CB006659AA /* RMCharacterViewController.swift */; };
		745D0A962C1094DF006659AA /* RMLocationViewController.swift in Sources */ = {isa = PBXBuildFile; fileRef = 745D0A952C1094DF006659AA /* RMLocationViewController.swift */; };
		745D0A982C1094F5006659AA /* RMEpisodeViewController.swift in Sources */ = {isa = PBXBuildFile; fileRef = 745D0A972C1094F5006659AA /* RMEpisodeViewController.swift */; };
		745D0A9A2C109506006659AA /* RMSettingsViewController.swift in Sources */ = {isa = PBXBuildFile; fileRef = 745D0A992C109506006659AA /* RMSettingsViewController.swift */; };
		74A000E32CB3F1490041967E /* RMEpisodeInfoCollectionViewCell.swift in Sources */ = {isa = PBXBuildFile; fileRef = 74A000E22CB3F1490041967E /* RMEpisodeInfoCollectionViewCell.swift */; };
		74A000E62CB3F19D0041967E /* RMEpisodeInfoCollectionViewCellViewModel.swift in Sources */ = {isa = PBXBuildFile; fileRef = 74A000E52CB3F19D0041967E /* RMEpisodeInfoCollectionViewCellViewModel.swift */; };
		74A000E92CB6FFA90041967E /* RMSettingsViewViewModel.swift in Sources */ = {isa = PBXBuildFile; fileRef = 74A000E82CB6FFA90041967E /* RMSettingsViewViewModel.swift */; };
		74A000EB2CB6FFE90041967E /* RMSettingsCellViewModel.swift in Sources */ = {isa = PBXBuildFile; fileRef = 74A000EA2CB6FFE90041967E /* RMSettingsCellViewModel.swift */; };
		74A000ED2CB703C40041967E /* RMSettingsOption.swift in Sources */ = {isa = PBXBuildFile; fileRef = 74A000EC2CB703C40041967E /* RMSettingsOption.swift */; };
		74A000F02CB935890041967E /* RMSettingsView.swift in Sources */ = {isa = PBXBuildFile; fileRef = 74A000EF2CB935890041967E /* RMSettingsView.swift */; };
		74A000F32CBC5A120041967E /* RMLocationView.swift in Sources */ = {isa = PBXBuildFile; fileRef = 74A000F22CBC5A120041967E /* RMLocationView.swift */; };
		74A000F52CBC66860041967E /* RMLocationViewViewModel.swift in Sources */ = {isa = PBXBuildFile; fileRef = 74A000F42CBC66860041967E /* RMLocationViewViewModel.swift */; };
		74A000F72CBD683A0041967E /* RMGetAllLocationsResponse.swift in Sources */ = {isa = PBXBuildFile; fileRef = 74A000F62CBD683A0041967E /* RMGetAllLocationsResponse.swift */; };
		74A000F92CBD731D0041967E /* RMLocationTableViewCell.swift in Sources */ = {isa = PBXBuildFile; fileRef = 74A000F82CBD731D0041967E /* RMLocationTableViewCell.swift */; };
		74AADBB42CA6E27900EE9750 /* RMCharacterPhotoCollectionViewCell.swift in Sources */ = {isa = PBXBuildFile; fileRef = 74AADBB32CA6E27900EE9750 /* RMCharacterPhotoCollectionViewCell.swift */; };
		74AADBB62CA6E28700EE9750 /* RMCharacterInfoCollectionViewCell.swift in Sources */ = {isa = PBXBuildFile; fileRef = 74AADBB52CA6E28700EE9750 /* RMCharacterInfoCollectionViewCell.swift */; };
		74AADBB82CA6E29B00EE9750 /* RMCharacterEpisodeCollectionViewCell.swift in Sources */ = {isa = PBXBuildFile; fileRef = 74AADBB72CA6E29B00EE9750 /* RMCharacterEpisodeCollectionViewCell.swift */; };
		74AADBBB2CA6E30F00EE9750 /* RMCharacterPhotoCollectionViewCellViewModel.swift in Sources */ = {isa = PBXBuildFile; fileRef = 74AADBBA2CA6E30F00EE9750 /* RMCharacterPhotoCollectionViewCellViewModel.swift */; };
		74AADBBD2CA6E32200EE9750 /* RMCharacterInfoCollectionViewCellViewModel.swift in Sources */ = {isa = PBXBuildFile; fileRef = 74AADBBC2CA6E32200EE9750 /* RMCharacterInfoCollectionViewCellViewModel.swift */; };
		74AADBBF2CA6E32F00EE9750 /* RMCharacterEpisodeCollectionViewCellViewModel.swift in Sources */ = {isa = PBXBuildFile; fileRef = 74AADBBE2CA6E32F00EE9750 /* RMCharacterEpisodeCollectionViewCellViewModel.swift */; };
		74AADBC12CACA41D00EE9750 /* RMEpisodeDetailViewController.swift in Sources */ = {isa = PBXBuildFile; fileRef = 74AADBC02CACA41D00EE9750 /* RMEpisodeDetailViewController.swift */; };
		74C467E42C3E02B800B42BA2 /* RMCharacterDetailViewController.swift in Sources */ = {isa = PBXBuildFile; fileRef = 74C467E32C3E02B800B42BA2 /* RMCharacterDetailViewController.swift */; };
		74C467E62C3E046C00B42BA2 /* RMCharacterDetailView.swift in Sources */ = {isa = PBXBuildFile; fileRef = 74C467E52C3E046C00B42BA2 /* RMCharacterDetailView.swift */; };
		74C467E82C3E049F00B42BA2 /* RMCharacterDetailViewViewModel.swift in Sources */ = {isa = PBXBuildFile; fileRef = 74C467E72C3E049F00B42BA2 /* RMCharacterDetailViewViewModel.swift */; };
		74C467EA2C41D80800B42BA2 /* RMFooterLoadingCollectionReusableView.swift in Sources */ = {isa = PBXBuildFile; fileRef = 74C467E92C41D80800B42BA2 /* RMFooterLoadingCollectionReusableView.swift */; };
		74CEEEF72CAD871400357189 /* RMAPICacheManager.swift in Sources */ = {isa = PBXBuildFile; fileRef = 74CEEEF62CAD871400357189 /* RMAPICacheManager.swift */; };
		74CEEEF92CAE8AC300357189 /* RMEpisodeDetailViewViewModel.swift in Sources */ = {isa = PBXBuildFile; fileRef = 74CEEEF82CAE8AC300357189 /* RMEpisodeDetailViewViewModel.swift */; };
		74CEEEFB2CAE8BEC00357189 /* RMEpisodeDetailView.swift in Sources */ = {isa = PBXBuildFile; fileRef = 74CEEEFA2CAE8BEC00357189 /* RMEpisodeDetailView.swift */; };
		74CEEEFE2CAEE67200357189 /* RMEpisodeListView.swift in Sources */ = {isa = PBXBuildFile; fileRef = 74CEEEFD2CAEE67200357189 /* RMEpisodeListView.swift */; };
		74CEEF002CAF338100357189 /* RMEpisodeListViewViewModel.swift in Sources */ = {isa = PBXBuildFile; fileRef = 74CEEEFF2CAF338100357189 /* RMEpisodeListViewViewModel.swift */; };
		74CEEF022CAF3B7700357189 /* RMGetAllEpisodesResponse.swift in Sources */ = {isa = PBXBuildFile; fileRef = 74CEEF012CAF3B7700357189 /* RMGetAllEpisodesResponse.swift */; };
		74CEEF042CB05BCC00357189 /* RMSearchViewController.swift in Sources */ = {isa = PBXBuildFile; fileRef = 74CEEF032CB05BCC00357189 /* RMSearchViewController.swift */; };
		74D01DC52CC17F7400273533 /* RMSearchView.swift in Sources */ = {isa = PBXBuildFile; fileRef = 74D01DC42CC17F7400273533 /* RMSearchView.swift */; };
		74D01DC72CC1821400273533 /* RMSearchViewViewModel.swift in Sources */ = {isa = PBXBuildFile; fileRef = 74D01DC62CC1821400273533 /* RMSearchViewViewModel.swift */; };
		74D01DC92CC1864700273533 /* RMNoSearchResultsView.swift in Sources */ = {isa = PBXBuildFile; fileRef = 74D01DC82CC1864700273533 /* RMNoSearchResultsView.swift */; };
		74D01DCC2CC1868800273533 /* RMNoSearchResultsViewViewModel.swift in Sources */ = {isa = PBXBuildFile; fileRef = 74D01DCB2CC1868800273533 /* RMNoSearchResultsViewViewModel.swift */; };
		74D01DCE2CC186E200273533 /* RMSearchInputView.swift in Sources */ = {isa = PBXBuildFile; fileRef = 74D01DCD2CC186E200273533 /* RMSearchInputView.swift */; };
		74D01DD02CC1870900273533 /* RMSearchInputViewViewModel.swift in Sources */ = {isa = PBXBuildFile; fileRef = 74D01DCF2CC1870900273533 /* RMSearchInputViewViewModel.swift */; };
		74EBDB072CC4528C00D27BBF /* RMSearchOptionPickerViewController.swift in Sources */ = {isa = PBXBuildFile; fileRef = 74EBDB062CC4528C00D27BBF /* RMSearchOptionPickerViewController.swift */; };
		74F018AC2CA31D0300017D70 /* RMImageLoader.swift in Sources */ = {isa = PBXBuildFile; fileRef = 74F018AB2CA31D0300017D70 /* RMImageLoader.swift */; };
		74F801D42C14FCF700331DDD /* RMService.swift in Sources */ = {isa = PBXBuildFile; fileRef = 74F801D32C14FCF700331DDD /* RMService.swift */; };
		74F801D62C14FD1800331DDD /* RMRequest.swift in Sources */ = {isa = PBXBuildFile; fileRef = 74F801D52C14FD1800331DDD /* RMRequest.swift */; };
		74F801D82C14FE0E00331DDD /* RMEndpoint.swift in Sources */ = {isa = PBXBuildFile; fileRef = 74F801D72C14FE0D00331DDD /* RMEndpoint.swift */; };
		74F801DA2C173E8200331DDD /* RMOrigin.swift in Sources */ = {isa = PBXBuildFile; fileRef = 74F801D92C173E8200331DDD /* RMOrigin.swift */; };
		74F801DC2C173EDD00331DDD /* RMSingleLocation.swift in Sources */ = {isa = PBXBuildFile; fileRef = 74F801DB2C173EDD00331DDD /* RMSingleLocation.swift */; };
		74F801DE2C17896500331DDD /* RMCharacterStatus.swift in Sources */ = {isa = PBXBuildFile; fileRef = 74F801DD2C17896500331DDD /* RMCharacterStatus.swift */; };
		74F801E02C1789DA00331DDD /* RMCharacterGender.swift in Sources */ = {isa = PBXBuildFile; fileRef = 74F801DF2C1789DA00331DDD /* RMCharacterGender.swift */; };
		74F801E42C1E1C3B00331DDD /* RMGetAllCharactersResponse.swift in Sources */ = {isa = PBXBuildFile; fileRef = 74F801E32C1E1C3B00331DDD /* RMGetAllCharactersResponse.swift */; };
		74F801E62C1F68FA00331DDD /* RMCharacterListViewViewModel.swift in Sources */ = {isa = PBXBuildFile; fileRef = 74F801E52C1F68FA00331DDD /* RMCharacterListViewViewModel.swift */; };
		74F801E82C1F6A9100331DDD /* RMCharacterListView.swift in Sources */ = {isa = PBXBuildFile; fileRef = 74F801E72C1F6A9100331DDD /* RMCharacterListView.swift */; };
		74F801EA2C208DCD00331DDD /* Extensions.swift in Sources */ = {isa = PBXBuildFile; fileRef = 74F801E92C208DCD00331DDD /* Extensions.swift */; };
		74F801EC2C2183EF00331DDD /* RMCharacterCollectionViewCell.swift in Sources */ = {isa = PBXBuildFile; fileRef = 74F801EB2C2183EF00331DDD /* RMCharacterCollectionViewCell.swift */; };
		74F801EE2C2186D700331DDD /* RMCharacterCollectionViewCellViewModel.swift in Sources */ = {isa = PBXBuildFile; fileRef = 74F801ED2C2186D700331DDD /* RMCharacterCollectionViewCellViewModel.swift */; };
/* End PBXBuildFile section */

/* Begin PBXFileReference section */
		744233EB2CBD74DB00AD3698 /* RMLocationTableViewCellViewModel.swift */ = {isa = PBXFileReference; lastKnownFileType = sourcecode.swift; path = RMLocationTableViewCellViewModel.swift; sourceTree = "<group>"; };
		744233ED2CBE98E500AD3698 /* RMLocationDetailViewController.swift */ = {isa = PBXFileReference; lastKnownFileType = sourcecode.swift; path = RMLocationDetailViewController.swift; sourceTree = "<group>"; };
		744233F02CBE9C3E00AD3698 /* RMLocationDetailView.swift */ = {isa = PBXFileReference; lastKnownFileType = sourcecode.swift; path = RMLocationDetailView.swift; sourceTree = "<group>"; };
		744233F22CBE9DFD00AD3698 /* RMLocationDetailViewViewModel.swift */ = {isa = PBXFileReference; lastKnownFileType = sourcecode.swift; path = RMLocationDetailViewViewModel.swift; sourceTree = "<group>"; };
		744436362CCA83C600B28D37 /* RMSearchResultViewModel.swift */ = {isa = PBXFileReference; lastKnownFileType = sourcecode.swift; path = RMSearchResultViewModel.swift; sourceTree = "<group>"; };
		744436382CCBE17A00B28D37 /* RMSearchResultsView.swift */ = {isa = PBXFileReference; lastKnownFileType = sourcecode.swift; path = RMSearchResultsView.swift; sourceTree = "<group>"; };
		7444363A2CCFC83E00B28D37 /* RMTableLoadingFooterView.swift */ = {isa = PBXFileReference; lastKnownFileType = sourcecode.swift; path = RMTableLoadingFooterView.swift; sourceTree = "<group>"; };
		745D0A6E2C0FB280006659AA /* RickAndMorty.app */ = {isa = PBXFileReference; explicitFileType = wrapper.application; includeInIndex = 0; path = RickAndMorty.app; sourceTree = BUILT_PRODUCTS_DIR; };
		745D0A712C0FB280006659AA /* AppDelegate.swift */ = {isa = PBXFileReference; lastKnownFileType = sourcecode.swift; path = AppDelegate.swift; sourceTree = "<group>"; };
		745D0A732C0FB280006659AA /* SceneDelegate.swift */ = {isa = PBXFileReference; lastKnownFileType = sourcecode.swift; path = SceneDelegate.swift; sourceTree = "<group>"; };
		745D0A752C0FB280006659AA /* RMTabBarController.swift */ = {isa = PBXFileReference; lastKnownFileType = sourcecode.swift; path = RMTabBarController.swift; sourceTree = "<group>"; };
		745D0A7A2C0FB281006659AA /* Assets.xcassets */ = {isa = PBXFileReference; lastKnownFileType = folder.assetcatalog; path = Assets.xcassets; sourceTree = "<group>"; };
		745D0A7D2C0FB281006659AA /* Base */ = {isa = PBXFileReference; lastKnownFileType = file.storyboard; name = Base; path = Base.lproj/LaunchScreen.storyboard; sourceTree = "<group>"; };
		745D0A7F2C0FB281006659AA /* Info.plist */ = {isa = PBXFileReference; lastKnownFileType = text.plist.xml; path = Info.plist; sourceTree = "<group>"; };
		745D0A8C2C0FBE08006659AA /* RMLocation.swift */ = {isa = PBXFileReference; lastKnownFileType = sourcecode.swift; path = RMLocation.swift; sourceTree = "<group>"; };
		745D0A8E2C0FBE28006659AA /* RMCharacter.swift */ = {isa = PBXFileReference; lastKnownFileType = sourcecode.swift; path = RMCharacter.swift; sourceTree = "<group>"; };
		745D0A902C0FBE3A006659AA /* RMEpisode.swift */ = {isa = PBXFileReference; lastKnownFileType = sourcecode.swift; path = RMEpisode.swift; sourceTree = "<group>"; };
		745D0A932C1094CB006659AA /* RMCharacterViewController.swift */ = {isa = PBXFileReference; lastKnownFileType = sourcecode.swift; path = RMCharacterViewController.swift; sourceTree = "<group>"; };
		745D0A952C1094DF006659AA /* RMLocationViewController.swift */ = {isa = PBXFileReference; lastKnownFileType = sourcecode.swift; path = RMLocationViewController.swift; sourceTree = "<group>"; };
		745D0A972C1094F5006659AA /* RMEpisodeViewController.swift */ = {isa = PBXFileReference; lastKnownFileType = sourcecode.swift; path = RMEpisodeViewController.swift; sourceTree = "<group>"; };
		745D0A992C109506006659AA /* RMSettingsViewController.swift */ = {isa = PBXFileReference; lastKnownFileType = sourcecode.swift; path = RMSettingsViewController.swift; sourceTree = "<group>"; };
		74A000E22CB3F1490041967E /* RMEpisodeInfoCollectionViewCell.swift */ = {isa = PBXFileReference; lastKnownFileType = sourcecode.swift; path = RMEpisodeInfoCollectionViewCell.swift; sourceTree = "<group>"; };
		74A000E52CB3F19D0041967E /* RMEpisodeInfoCollectionViewCellViewModel.swift */ = {isa = PBXFileReference; lastKnownFileType = sourcecode.swift; path = RMEpisodeInfoCollectionViewCellViewModel.swift; sourceTree = "<group>"; };
		74A000E82CB6FFA90041967E /* RMSettingsViewViewModel.swift */ = {isa = PBXFileReference; lastKnownFileType = sourcecode.swift; path = RMSettingsViewViewModel.swift; sourceTree = "<group>"; };
		74A000EA2CB6FFE90041967E /* RMSettingsCellViewModel.swift */ = {isa = PBXFileReference; lastKnownFileType = sourcecode.swift; path = RMSettingsCellViewModel.swift; sourceTree = "<group>"; };
		74A000EC2CB703C40041967E /* RMSettingsOption.swift */ = {isa = PBXFileReference; lastKnownFileType = sourcecode.swift; path = RMSettingsOption.swift; sourceTree = "<group>"; };
		74A000EF2CB935890041967E /* RMSettingsView.swift */ = {isa = PBXFileReference; lastKnownFileType = sourcecode.swift; path = RMSettingsView.swift; sourceTree = "<group>"; };
		74A000F22CBC5A120041967E /* RMLocationView.swift */ = {isa = PBXFileReference; lastKnownFileType = sourcecode.swift; path = RMLocationView.swift; sourceTree = "<group>"; };
		74A000F42CBC66860041967E /* RMLocationViewViewModel.swift */ = {isa = PBXFileReference; lastKnownFileType = sourcecode.swift; path = RMLocationViewViewModel.swift; sourceTree = "<group>"; };
		74A000F62CBD683A0041967E /* RMGetAllLocationsResponse.swift */ = {isa = PBXFileReference; lastKnownFileType = sourcecode.swift; path = RMGetAllLocationsResponse.swift; sourceTree = "<group>"; };
		74A000F82CBD731D0041967E /* RMLocationTableViewCell.swift */ = {isa = PBXFileReference; lastKnownFileType = sourcecode.swift; path = RMLocationTableViewCell.swift; sourceTree = "<group>"; };
		74AADBB32CA6E27900EE9750 /* RMCharacterPhotoCollectionViewCell.swift */ = {isa = PBXFileReference; lastKnownFileType = sourcecode.swift; path = RMCharacterPhotoCollectionViewCell.swift; sourceTree = "<group>"; };
		74AADBB52CA6E28700EE9750 /* RMCharacterInfoCollectionViewCell.swift */ = {isa = PBXFileReference; lastKnownFileType = sourcecode.swift; path = RMCharacterInfoCollectionViewCell.swift; sourceTree = "<group>"; };
		74AADBB72CA6E29B00EE9750 /* RMCharacterEpisodeCollectionViewCell.swift */ = {isa = PBXFileReference; lastKnownFileType = sourcecode.swift; path = RMCharacterEpisodeCollectionViewCell.swift; sourceTree = "<group>"; };
		74AADBBA2CA6E30F00EE9750 /* RMCharacterPhotoCollectionViewCellViewModel.swift */ = {isa = PBXFileReference; lastKnownFileType = sourcecode.swift; path = RMCharacterPhotoCollectionViewCellViewModel.swift; sourceTree = "<group>"; };
		74AADBBC2CA6E32200EE9750 /* RMCharacterInfoCollectionViewCellViewModel.swift */ = {isa = PBXFileReference; lastKnownFileType = sourcecode.swift; path = RMCharacterInfoCollectionViewCellViewModel.swift; sourceTree = "<group>"; };
		74AADBBE2CA6E32F00EE9750 /* RMCharacterEpisodeCollectionViewCellViewModel.swift */ = {isa = PBXFileReference; lastKnownFileType = sourcecode.swift; path = RMCharacterEpisodeCollectionViewCellViewModel.swift; sourceTree = "<group>"; };
		74AADBC02CACA41D00EE9750 /* RMEpisodeDetailViewController.swift */ = {isa = PBXFileReference; lastKnownFileType = sourcecode.swift; path = RMEpisodeDetailViewController.swift; sourceTree = "<group>"; };
		74C467E32C3E02B800B42BA2 /* RMCharacterDetailViewController.swift */ = {isa = PBXFileReference; lastKnownFileType = sourcecode.swift; path = RMCharacterDetailViewController.swift; sourceTree = "<group>"; };
		74C467E52C3E046C00B42BA2 /* RMCharacterDetailView.swift */ = {isa = PBXFileReference; lastKnownFileType = sourcecode.swift; path = RMCharacterDetailView.swift; sourceTree = "<group>"; };
		74C467E72C3E049F00B42BA2 /* RMCharacterDetailViewViewModel.swift */ = {isa = PBXFileReference; lastKnownFileType = sourcecode.swift; path = RMCharacterDetailViewViewModel.swift; sourceTree = "<group>"; };
		74C467E92C41D80800B42BA2 /* RMFooterLoadingCollectionReusableView.swift */ = {isa = PBXFileReference; lastKnownFileType = sourcecode.swift; path = RMFooterLoadingCollectionReusableView.swift; sourceTree = "<group>"; };
		74CEEEF62CAD871400357189 /* RMAPICacheManager.swift */ = {isa = PBXFileReference; lastKnownFileType = sourcecode.swift; path = RMAPICacheManager.swift; sourceTree = "<group>"; };
		74CEEEF82CAE8AC300357189 /* RMEpisodeDetailViewViewModel.swift */ = {isa = PBXFileReference; lastKnownFileType = sourcecode.swift; path = RMEpisodeDetailViewViewModel.swift; sourceTree = "<group>"; };
		74CEEEFA2CAE8BEC00357189 /* RMEpisodeDetailView.swift */ = {isa = PBXFileReference; lastKnownFileType = sourcecode.swift; path = RMEpisodeDetailView.swift; sourceTree = "<group>"; };
		74CEEEFD2CAEE67200357189 /* RMEpisodeListView.swift */ = {isa = PBXFileReference; lastKnownFileType = sourcecode.swift; path = RMEpisodeListView.swift; sourceTree = "<group>"; };
		74CEEEFF2CAF338100357189 /* RMEpisodeListViewViewModel.swift */ = {isa = PBXFileReference; lastKnownFileType = sourcecode.swift; path = RMEpisodeListViewViewModel.swift; sourceTree = "<group>"; };
		74CEEF012CAF3B7700357189 /* RMGetAllEpisodesResponse.swift */ = {isa = PBXFileReference; lastKnownFileType = sourcecode.swift; path = RMGetAllEpisodesResponse.swift; sourceTree = "<group>"; };
		74CEEF032CB05BCC00357189 /* RMSearchViewController.swift */ = {isa = PBXFileReference; lastKnownFileType = sourcecode.swift; path = RMSearchViewController.swift; sourceTree = "<group>"; };
		74D01DC42CC17F7400273533 /* RMSearchView.swift */ = {isa = PBXFileReference; lastKnownFileType = sourcecode.swift; path = RMSearchView.swift; sourceTree = "<group>"; };
		74D01DC62CC1821400273533 /* RMSearchViewViewModel.swift */ = {isa = PBXFileReference; lastKnownFileType = sourcecode.swift; path = RMSearchViewViewModel.swift; sourceTree = "<group>"; };
		74D01DC82CC1864700273533 /* RMNoSearchResultsView.swift */ = {isa = PBXFileReference; lastKnownFileType = sourcecode.swift; path = RMNoSearchResultsView.swift; sourceTree = "<group>"; };
		74D01DCB2CC1868800273533 /* RMNoSearchResultsViewViewModel.swift */ = {isa = PBXFileReference; lastKnownFileType = sourcecode.swift; path = RMNoSearchResultsViewViewModel.swift; sourceTree = "<group>"; };
		74D01DCD2CC186E200273533 /* RMSearchInputView.swift */ = {isa = PBXFileReference; lastKnownFileType = sourcecode.swift; path = RMSearchInputView.swift; sourceTree = "<group>"; };
		74D01DCF2CC1870900273533 /* RMSearchInputViewViewModel.swift */ = {isa = PBXFileReference; lastKnownFileType = sourcecode.swift; path = RMSearchInputViewViewModel.swift; sourceTree = "<group>"; };
		74EBDB062CC4528C00D27BBF /* RMSearchOptionPickerViewController.swift */ = {isa = PBXFileReference; lastKnownFileType = sourcecode.swift; path = RMSearchOptionPickerViewController.swift; sourceTree = "<group>"; };
		74F018AB2CA31D0300017D70 /* RMImageLoader.swift */ = {isa = PBXFileReference; lastKnownFileType = sourcecode.swift; path = RMImageLoader.swift; sourceTree = "<group>"; };
		74F801D32C14FCF700331DDD /* RMService.swift */ = {isa = PBXFileReference; lastKnownFileType = sourcecode.swift; path = RMService.swift; sourceTree = "<group>"; };
		74F801D52C14FD1800331DDD /* RMRequest.swift */ = {isa = PBXFileReference; lastKnownFileType = sourcecode.swift; path = RMRequest.swift; sourceTree = "<group>"; };
		74F801D72C14FE0D00331DDD /* RMEndpoint.swift */ = {isa = PBXFileReference; lastKnownFileType = sourcecode.swift; path = RMEndpoint.swift; sourceTree = "<group>"; };
		74F801D92C173E8200331DDD /* RMOrigin.swift */ = {isa = PBXFileReference; lastKnownFileType = sourcecode.swift; path = RMOrigin.swift; sourceTree = "<group>"; };
		74F801DB2C173EDD00331DDD /* RMSingleLocation.swift */ = {isa = PBXFileReference; lastKnownFileType = sourcecode.swift; path = RMSingleLocation.swift; sourceTree = "<group>"; };
		74F801DD2C17896500331DDD /* RMCharacterStatus.swift */ = {isa = PBXFileReference; lastKnownFileType = sourcecode.swift; path = RMCharacterStatus.swift; sourceTree = "<group>"; };
		74F801DF2C1789DA00331DDD /* RMCharacterGender.swift */ = {isa = PBXFileReference; lastKnownFileType = sourcecode.swift; path = RMCharacterGender.swift; sourceTree = "<group>"; };
		74F801E32C1E1C3B00331DDD /* RMGetAllCharactersResponse.swift */ = {isa = PBXFileReference; lastKnownFileType = sourcecode.swift; path = RMGetAllCharactersResponse.swift; sourceTree = "<group>"; };
		74F801E52C1F68FA00331DDD /* RMCharacterListViewViewModel.swift */ = {isa = PBXFileReference; lastKnownFileType = sourcecode.swift; path = RMCharacterListViewViewModel.swift; sourceTree = "<group>"; };
		74F801E72C1F6A9100331DDD /* RMCharacterListView.swift */ = {isa = PBXFileReference; lastKnownFileType = sourcecode.swift; path = RMCharacterListView.swift; sourceTree = "<group>"; };
		74F801E92C208DCD00331DDD /* Extensions.swift */ = {isa = PBXFileReference; lastKnownFileType = sourcecode.swift; path = Extensions.swift; sourceTree = "<group>"; };
		74F801EB2C2183EF00331DDD /* RMCharacterCollectionViewCell.swift */ = {isa = PBXFileReference; lastKnownFileType = sourcecode.swift; path = RMCharacterCollectionViewCell.swift; sourceTree = "<group>"; };
		74F801ED2C2186D700331DDD /* RMCharacterCollectionViewCellViewModel.swift */ = {isa = PBXFileReference; lastKnownFileType = sourcecode.swift; path = RMCharacterCollectionViewCellViewModel.swift; sourceTree = "<group>"; };
/* End PBXFileReference section */

/* Begin PBXFrameworksBuildPhase section */
		745D0A6B2C0FB280006659AA /* Frameworks */ = {
			isa = PBXFrameworksBuildPhase;
			buildActionMask = 2147483647;
			files = (
			);
			runOnlyForDeploymentPostprocessing = 0;
		};
/* End PBXFrameworksBuildPhase section */

/* Begin PBXGroup section */
		744233EA2CBD743900AD3698 /* Locations */ = {
			isa = PBXGroup;
			children = (
				74A000F42CBC66860041967E /* RMLocationViewViewModel.swift */,
				744233EB2CBD74DB00AD3698 /* RMLocationTableViewCellViewModel.swift */,
				744233F22CBE9DFD00AD3698 /* RMLocationDetailViewViewModel.swift */,
			);
			path = Locations;
			sourceTree = "<group>";
		};
		744233EF2CBE9C1800AD3698 /* LocationDetails */ = {
			isa = PBXGroup;
			children = (
				744233F02CBE9C3E00AD3698 /* RMLocationDetailView.swift */,
			);
			path = LocationDetails;
			sourceTree = "<group>";
		};
		745D0A652C0FB280006659AA = {
			isa = PBXGroup;
			children = (
				745D0A702C0FB280006659AA /* RickAndMorty */,
				745D0A6F2C0FB280006659AA /* Products */,
			);
			sourceTree = "<group>";
		};
		745D0A6F2C0FB280006659AA /* Products */ = {
			isa = PBXGroup;
			children = (
				745D0A6E2C0FB280006659AA /* RickAndMorty.app */,
			);
			name = Products;
			sourceTree = "<group>";
		};
		745D0A702C0FB280006659AA /* RickAndMorty */ = {
			isa = PBXGroup;
			children = (
				74F018AA2CA31CF100017D70 /* Managers */,
				745D0A8B2C0FB707006659AA /* Resources */,
				745D0A892C0FB6DB006659AA /* APIClient */,
				745D0A882C0FB6D2006659AA /* ViewModels */,
				745D0A872C0FB6C9006659AA /* Views */,
				745D0A862C0FB6BF006659AA /* Models */,
				745D0A852C0FB6B0006659AA /* Controllers */,
				745D0A7F2C0FB281006659AA /* Info.plist */,
			);
			path = RickAndMorty;
			sourceTree = "<group>";
		};
		745D0A852C0FB6B0006659AA /* Controllers */ = {
			isa = PBXGroup;
			children = (
				74C467E22C3E026E00B42BA2 /* Other */,
				745D0A922C10949F006659AA /* Core */,
			);
			path = Controllers;
			sourceTree = "<group>";
		};
		745D0A862C0FB6BF006659AA /* Models */ = {
			isa = PBXGroup;
			children = (
				74F801E22C1E1BF400331DDD /* APIResponseTypes */,
				74F801E12C1E1BCF00331DDD /* DataTypes */,
			);
			path = Models;
			sourceTree = "<group>";
		};
		745D0A872C0FB6C9006659AA /* Views */ = {
			isa = PBXGroup;
			children = (
				74D01DC32CC17D6300273533 /* Search */,
				744233EF2CBE9C1800AD3698 /* LocationDetails */,
				74A000F12CBC59F40041967E /* Location */,
				74A000EE2CB935570041967E /* SwiftUI */,
				74A000E12CB3F0FA0041967E /* EpisodeDetails */,
				74CEEEFC2CAEE65600357189 /* Episode */,
				74AADBB12CA6E1A500EE9750 /* CharacterDetails */,
				74AADBB22CA6E22B00EE9750 /* Character */,
				74C467E92C41D80800B42BA2 /* RMFooterLoadingCollectionReusableView.swift */,
			);
			path = Views;
			sourceTree = "<group>";
		};
		745D0A882C0FB6D2006659AA /* ViewModels */ = {
			isa = PBXGroup;
			children = (
				74D01DCA2CC1866B00273533 /* Search */,
				744233EA2CBD743900AD3698 /* Locations */,
				74AADBB92CA6E2BD00EE9750 /* CharacterDetail */,
				74A000E42CB3F1610041967E /* EpisodeDetail */,
				74A000E72CB6CECC0041967E /* Settings */,
				74CEEEFF2CAF338100357189 /* RMEpisodeListViewViewModel.swift */,
				74F801ED2C2186D700331DDD /* RMCharacterCollectionViewCellViewModel.swift */,
				74F801E52C1F68FA00331DDD /* RMCharacterListViewViewModel.swift */,
			);
			path = ViewModels;
			sourceTree = "<group>";
		};
		745D0A892C0FB6DB006659AA /* APIClient */ = {
			isa = PBXGroup;
			children = (
				74F801D32C14FCF700331DDD /* RMService.swift */,
				74F801D52C14FD1800331DDD /* RMRequest.swift */,
				74F801D72C14FE0D00331DDD /* RMEndpoint.swift */,
			);
			path = APIClient;
			sourceTree = "<group>";
		};
		745D0A8B2C0FB707006659AA /* Resources */ = {
			isa = PBXGroup;
			children = (
				745D0A7A2C0FB281006659AA /* Assets.xcassets */,
				745D0A7C2C0FB281006659AA /* LaunchScreen.storyboard */,
				745D0A712C0FB280006659AA /* AppDelegate.swift */,
				745D0A732C0FB280006659AA /* SceneDelegate.swift */,
				74F801E92C208DCD00331DDD /* Extensions.swift */,
			);
			path = Resources;
			sourceTree = "<group>";
		};
		745D0A922C10949F006659AA /* Core */ = {
			isa = PBXGroup;
			children = (
				745D0A752C0FB280006659AA /* RMTabBarController.swift */,
				745D0A932C1094CB006659AA /* RMCharacterViewController.swift */,
				745D0A952C1094DF006659AA /* RMLocationViewController.swift */,
				745D0A972C1094F5006659AA /* RMEpisodeViewController.swift */,
				745D0A992C109506006659AA /* RMSettingsViewController.swift */,
			);
			path = Core;
			sourceTree = "<group>";
		};
		74A000E12CB3F0FA0041967E /* EpisodeDetails */ = {
			isa = PBXGroup;
			children = (
				74CEEEFA2CAE8BEC00357189 /* RMEpisodeDetailView.swift */,
				74A000E22CB3F1490041967E /* RMEpisodeInfoCollectionViewCell.swift */,
			);
			path = EpisodeDetails;
			sourceTree = "<group>";
		};
		74A000E42CB3F1610041967E /* EpisodeDetail */ = {
			isa = PBXGroup;
			children = (
				74CEEEF82CAE8AC300357189 /* RMEpisodeDetailViewViewModel.swift */,
				74A000E52CB3F19D0041967E /* RMEpisodeInfoCollectionViewCellViewModel.swift */,
			);
			path = EpisodeDetail;
			sourceTree = "<group>";
		};
		74A000E72CB6CECC0041967E /* Settings */ = {
			isa = PBXGroup;
			children = (
				74A000E82CB6FFA90041967E /* RMSettingsViewViewModel.swift */,
				74A000EA2CB6FFE90041967E /* RMSettingsCellViewModel.swift */,
				74A000EC2CB703C40041967E /* RMSettingsOption.swift */,
			);
			path = Settings;
			sourceTree = "<group>";
		};
		74A000EE2CB935570041967E /* SwiftUI */ = {
			isa = PBXGroup;
			children = (
				74A000EF2CB935890041967E /* RMSettingsView.swift */,
			);
			path = SwiftUI;
			sourceTree = "<group>";
		};
		74A000F12CBC59F40041967E /* Location */ = {
			isa = PBXGroup;
			children = (
				74A000F22CBC5A120041967E /* RMLocationView.swift */,
				74A000F82CBD731D0041967E /* RMLocationTableViewCell.swift */,
				7444363A2CCFC83E00B28D37 /* RMTableLoadingFooterView.swift */,
			);
			path = Location;
			sourceTree = "<group>";
		};
		74AADBB12CA6E1A500EE9750 /* CharacterDetails */ = {
			isa = PBXGroup;
			children = (
				74C467E52C3E046C00B42BA2 /* RMCharacterDetailView.swift */,
				74AADBB32CA6E27900EE9750 /* RMCharacterPhotoCollectionViewCell.swift */,
				74AADBB52CA6E28700EE9750 /* RMCharacterInfoCollectionViewCell.swift */,
				74AADBB72CA6E29B00EE9750 /* RMCharacterEpisodeCollectionViewCell.swift */,
			);
			path = CharacterDetails;
			sourceTree = "<group>";
		};
		74AADBB22CA6E22B00EE9750 /* Character */ = {
			isa = PBXGroup;
			children = (
				74F801E72C1F6A9100331DDD /* RMCharacterListView.swift */,
				74F801EB2C2183EF00331DDD /* RMCharacterCollectionViewCell.swift */,
			);
			path = Character;
			sourceTree = "<group>";
		};
		74AADBB92CA6E2BD00EE9750 /* CharacterDetail */ = {
			isa = PBXGroup;
			children = (
				74C467E72C3E049F00B42BA2 /* RMCharacterDetailViewViewModel.swift */,
				74AADBBA2CA6E30F00EE9750 /* RMCharacterPhotoCollectionViewCellViewModel.swift */,
				74AADBBC2CA6E32200EE9750 /* RMCharacterInfoCollectionViewCellViewModel.swift */,
				74AADBBE2CA6E32F00EE9750 /* RMCharacterEpisodeCollectionViewCellViewModel.swift */,
			);
			path = CharacterDetail;
			sourceTree = "<group>";
		};
		74C467E22C3E026E00B42BA2 /* Other */ = {
			isa = PBXGroup;
			children = (
				74EBDB082CC4543100D27BBF /* Search */,
				74C467E32C3E02B800B42BA2 /* RMCharacterDetailViewController.swift */,
				74AADBC02CACA41D00EE9750 /* RMEpisodeDetailViewController.swift */,
				744233ED2CBE98E500AD3698 /* RMLocationDetailViewController.swift */,
			);
			path = Other;
			sourceTree = "<group>";
		};
		74CEEEFC2CAEE65600357189 /* Episode */ = {
			isa = PBXGroup;
			children = (
				74CEEEFD2CAEE67200357189 /* RMEpisodeListView.swift */,
			);
			path = Episode;
			sourceTree = "<group>";
		};
		74D01DC32CC17D6300273533 /* Search */ = {
			isa = PBXGroup;
			children = (
				74D01DC42CC17F7400273533 /* RMSearchView.swift */,
				74D01DC82CC1864700273533 /* RMNoSearchResultsView.swift */,
				74D01DCD2CC186E200273533 /* RMSearchInputView.swift */,
				744436382CCBE17A00B28D37 /* RMSearchResultsView.swift */,
			);
			path = Search;
			sourceTree = "<group>";
		};
		74D01DCA2CC1866B00273533 /* Search */ = {
			isa = PBXGroup;
			children = (
				74D01DC62CC1821400273533 /* RMSearchViewViewModel.swift */,
				74D01DCB2CC1868800273533 /* RMNoSearchResultsViewViewModel.swift */,
				74D01DCF2CC1870900273533 /* RMSearchInputViewViewModel.swift */,
				744436362CCA83C600B28D37 /* RMSearchResultViewModel.swift */,
			);
			path = Search;
			sourceTree = "<group>";
		};
		74EBDB082CC4543100D27BBF /* Search */ = {
			isa = PBXGroup;
			children = (
				74EBDB062CC4528C00D27BBF /* RMSearchOptionPickerViewController.swift */,
				74CEEF032CB05BCC00357189 /* RMSearchViewController.swift */,
			);
			path = Search;
			sourceTree = "<group>";
		};
		74F018AA2CA31CF100017D70 /* Managers */ = {
			isa = PBXGroup;
			children = (
				74F018AB2CA31D0300017D70 /* RMImageLoader.swift */,
				74CEEEF62CAD871400357189 /* RMAPICacheManager.swift */,
			);
			path = Managers;
			sourceTree = "<group>";
		};
		74F801E12C1E1BCF00331DDD /* DataTypes */ = {
			isa = PBXGroup;
			children = (
				745D0A8C2C0FBE08006659AA /* RMLocation.swift */,
				745D0A8E2C0FBE28006659AA /* RMCharacter.swift */,
				745D0A902C0FBE3A006659AA /* RMEpisode.swift */,
				74F801D92C173E8200331DDD /* RMOrigin.swift */,
				74F801DB2C173EDD00331DDD /* RMSingleLocation.swift */,
				74F801DD2C17896500331DDD /* RMCharacterStatus.swift */,
				74F801DF2C1789DA00331DDD /* RMCharacterGender.swift */,
			);
			path = DataTypes;
			sourceTree = "<group>";
		};
		74F801E22C1E1BF400331DDD /* APIResponseTypes */ = {
			isa = PBXGroup;
			children = (
				74F801E32C1E1C3B00331DDD /* RMGetAllCharactersResponse.swift */,
				74CEEF012CAF3B7700357189 /* RMGetAllEpisodesResponse.swift */,
				74A000F62CBD683A0041967E /* RMGetAllLocationsResponse.swift */,
			);
			path = APIResponseTypes;
			sourceTree = "<group>";
		};
/* End PBXGroup section */

/* Begin PBXNativeTarget section */
		745D0A6D2C0FB280006659AA /* RickAndMorty */ = {
			isa = PBXNativeTarget;
			buildConfigurationList = 745D0A822C0FB281006659AA /* Build configuration list for PBXNativeTarget "RickAndMorty" */;
			buildPhases = (
				745D0A6A2C0FB280006659AA /* Sources */,
				745D0A6B2C0FB280006659AA /* Frameworks */,
				745D0A6C2C0FB280006659AA /* Resources */,
			);
			buildRules = (
			);
			dependencies = (
			);
			name = RickAndMorty;
			productName = RickAndMorty;
			productReference = 745D0A6E2C0FB280006659AA /* RickAndMorty.app */;
			productType = "com.apple.product-type.application";
		};
/* End PBXNativeTarget section */

/* Begin PBXProject section */
		745D0A662C0FB280006659AA /* Project object */ = {
			isa = PBXProject;
			attributes = {
				BuildIndependentTargetsInParallel = 1;
				LastSwiftUpdateCheck = 1530;
				LastUpgradeCheck = 1530;
				TargetAttributes = {
					745D0A6D2C0FB280006659AA = {
						CreatedOnToolsVersion = 15.3;
					};
				};
			};
			buildConfigurationList = 745D0A692C0FB280006659AA /* Build configuration list for PBXProject "RickAndMorty" */;
			compatibilityVersion = "Xcode 14.0";
			developmentRegion = en;
			hasScannedForEncodings = 0;
			knownRegions = (
				en,
				Base,
			);
			mainGroup = 745D0A652C0FB280006659AA;
			productRefGroup = 745D0A6F2C0FB280006659AA /* Products */;
			projectDirPath = "";
			projectRoot = "";
			targets = (
				745D0A6D2C0FB280006659AA /* RickAndMorty */,
			);
		};
/* End PBXProject section */

/* Begin PBXResourcesBuildPhase section */
		745D0A6C2C0FB280006659AA /* Resources */ = {
			isa = PBXResourcesBuildPhase;
			buildActionMask = 2147483647;
			files = (
				745D0A7B2C0FB281006659AA /* Assets.xcassets in Resources */,
				745D0A7E2C0FB281006659AA /* Base in Resources */,
			);
			runOnlyForDeploymentPostprocessing = 0;
		};
/* End PBXResourcesBuildPhase section */

/* Begin PBXSourcesBuildPhase section */
		745D0A6A2C0FB280006659AA /* Sources */ = {
			isa = PBXSourcesBuildPhase;
			buildActionMask = 2147483647;
			files = (
				74F801DA2C173E8200331DDD /* RMOrigin.swift in Sources */,
				74C467E82C3E049F00B42BA2 /* RMCharacterDetailViewViewModel.swift in Sources */,
				74F801DC2C173EDD00331DDD /* RMSingleLocation.swift in Sources */,
				74CEEF042CB05BCC00357189 /* RMSearchViewController.swift in Sources */,
				74D01DC72CC1821400273533 /* RMSearchViewViewModel.swift in Sources */,
				74F801E82C1F6A9100331DDD /* RMCharacterListView.swift in Sources */,
				74D01DCC2CC1868800273533 /* RMNoSearchResultsViewViewModel.swift in Sources */,
				74F801E42C1E1C3B00331DDD /* RMGetAllCharactersResponse.swift in Sources */,
				74F801DE2C17896500331DDD /* RMCharacterStatus.swift in Sources */,
				744436392CCBE17A00B28D37 /* RMSearchResultsView.swift in Sources */,
				74F801E02C1789DA00331DDD /* RMCharacterGender.swift in Sources */,
				744233F32CBE9DFD00AD3698 /* RMLocationDetailViewViewModel.swift in Sources */,
				74C467E42C3E02B800B42BA2 /* RMCharacterDetailViewController.swift in Sources */,
				74D01DC92CC1864700273533 /* RMNoSearchResultsView.swift in Sources */,
				745D0A962C1094DF006659AA /* RMLocationViewController.swift in Sources */,
				74CEEEFE2CAEE67200357189 /* RMEpisodeListView.swift in Sources */,
				7444363B2CCFC83E00B28D37 /* RMTableLoadingFooterView.swift in Sources */,
				745D0A912C0FBE3A006659AA /* RMEpisode.swift in Sources */,
				745D0A762C0FB280006659AA /* RMTabBarController.swift in Sources */,
				74AADBB62CA6E28700EE9750 /* RMCharacterInfoCollectionViewCell.swift in Sources */,
				74A000E92CB6FFA90041967E /* RMSettingsViewViewModel.swift in Sources */,
				74A000F92CBD731D0041967E /* RMLocationTableViewCell.swift in Sources */,
				74F801EC2C2183EF00331DDD /* RMCharacterCollectionViewCell.swift in Sources */,
				745D0A982C1094F5006659AA /* RMEpisodeViewController.swift in Sources */,
				74AADBBD2CA6E32200EE9750 /* RMCharacterInfoCollectionViewCellViewModel.swift in Sources */,
				74A000ED2CB703C40041967E /* RMSettingsOption.swift in Sources */,
				74D01DD02CC1870900273533 /* RMSearchInputViewViewModel.swift in Sources */,
				745D0A722C0FB280006659AA /* AppDelegate.swift in Sources */,
				74F018AC2CA31D0300017D70 /* RMImageLoader.swift in Sources */,
				745D0A742C0FB280006659AA /* SceneDelegate.swift in Sources */,
				744233EE2CBE98E500AD3698 /* RMLocationDetailViewController.swift in Sources */,
				745D0A9A2C109506006659AA /* RMSettingsViewController.swift in Sources */,
				74AADBB42CA6E27900EE9750 /* RMCharacterPhotoCollectionViewCell.swift in Sources */,
				74AADBBF2CA6E32F00EE9750 /* RMCharacterEpisodeCollectionViewCellViewModel.swift in Sources */,
				74A000EB2CB6FFE90041967E /* RMSettingsCellViewModel.swift in Sources */,
				74A000F02CB935890041967E /* RMSettingsView.swift in Sources */,
				74F801EA2C208DCD00331DDD /* Extensions.swift in Sources */,
				74D01DC52CC17F7400273533 /* RMSearchView.swift in Sources */,
				74F801D42C14FCF700331DDD /* RMService.swift in Sources */,
				74AADBBB2CA6E30F00EE9750 /* RMCharacterPhotoCollectionViewCellViewModel.swift in Sources */,
				74D01DCE2CC186E200273533 /* RMSearchInputView.swift in Sources */,
				745D0A8D2C0FBE08006659AA /* RMLocation.swift in Sources */,
				74A000F72CBD683A0041967E /* RMGetAllLocationsResponse.swift in Sources */,
				74F801D82C14FE0E00331DDD /* RMEndpoint.swift in Sources */,
				745D0A8F2C0FBE28006659AA /* RMCharacter.swift in Sources */,
				74AADBC12CACA41D00EE9750 /* RMEpisodeDetailViewController.swift in Sources */,
				74CEEEFB2CAE8BEC00357189 /* RMEpisodeDetailView.swift in Sources */,
				744233F12CBE9C3E00AD3698 /* RMLocationDetailView.swift in Sources */,
				74EBDB072CC4528C00D27BBF /* RMSearchOptionPickerViewController.swift in Sources */,
				744233EC2CBD74DB00AD3698 /* RMLocationTableViewCellViewModel.swift in Sources */,
				74F801EE2C2186D700331DDD /* RMCharacterCollectionViewCellViewModel.swift in Sources */,
				74F801D62C14FD1800331DDD /* RMRequest.swift in Sources */,
				74F801E62C1F68FA00331DDD /* RMCharacterListViewViewModel.swift in Sources */,
				745D0A942C1094CB006659AA /* RMCharacterViewController.swift in Sources */,
				74AADBB82CA6E29B00EE9750 /* RMCharacterEpisodeCollectionViewCell.swift in Sources */,
				74C467EA2C41D80800B42BA2 /* RMFooterLoadingCollectionReusableView.swift in Sources */,
				74A000F32CBC5A120041967E /* RMLocationView.swift in Sources */,
				74CEEF002CAF338100357189 /* RMEpisodeListViewViewModel.swift in Sources */,
				744436372CCA83C600B28D37 /* RMSearchResultViewModel.swift in Sources */,
				74CEEEF72CAD871400357189 /* RMAPICacheManager.swift in Sources */,
				74CEEF022CAF3B7700357189 /* RMGetAllEpisodesResponse.swift in Sources */,
				74A000E62CB3F19D0041967E /* RMEpisodeInfoCollectionViewCellViewModel.swift in Sources */,
				74A000E32CB3F1490041967E /* RMEpisodeInfoCollectionViewCell.swift in Sources */,
				74CEEEF92CAE8AC300357189 /* RMEpisodeDetailViewViewModel.swift in Sources */,
				74C467E62C3E046C00B42BA2 /* RMCharacterDetailView.swift in Sources */,
				74A000F52CBC66860041967E /* RMLocationViewViewModel.swift in Sources */,
			);
			runOnlyForDeploymentPostprocessing = 0;
		};
/* End PBXSourcesBuildPhase section */

/* Begin PBXVariantGroup section */
		745D0A7C2C0FB281006659AA /* LaunchScreen.storyboard */ = {
			isa = PBXVariantGroup;
			children = (
				745D0A7D2C0FB281006659AA /* Base */,
			);
			name = LaunchScreen.storyboard;
			sourceTree = "<group>";
		};
/* End PBXVariantGroup section */

/* Begin XCBuildConfiguration section */
		745D0A802C0FB281006659AA /* Debug */ = {
			isa = XCBuildConfiguration;
			buildSettings = {
				ALWAYS_SEARCH_USER_PATHS = NO;
				ASSETCATALOG_COMPILER_GENERATE_SWIFT_ASSET_SYMBOL_EXTENSIONS = YES;
				CLANG_ANALYZER_NONNULL = YES;
				CLANG_ANALYZER_NUMBER_OBJECT_CONVERSION = YES_AGGRESSIVE;
				CLANG_CXX_LANGUAGE_STANDARD = "gnu++20";
				CLANG_ENABLE_MODULES = YES;
				CLANG_ENABLE_OBJC_ARC = YES;
				CLANG_ENABLE_OBJC_WEAK = YES;
				CLANG_WARN_BLOCK_CAPTURE_AUTORELEASING = YES;
				CLANG_WARN_BOOL_CONVERSION = YES;
				CLANG_WARN_COMMA = YES;
				CLANG_WARN_CONSTANT_CONVERSION = YES;
				CLANG_WARN_DEPRECATED_OBJC_IMPLEMENTATIONS = YES;
				CLANG_WARN_DIRECT_OBJC_ISA_USAGE = YES_ERROR;
				CLANG_WARN_DOCUMENTATION_COMMENTS = YES;
				CLANG_WARN_EMPTY_BODY = YES;
				CLANG_WARN_ENUM_CONVERSION = YES;
				CLANG_WARN_INFINITE_RECURSION = YES;
				CLANG_WARN_INT_CONVERSION = YES;
				CLANG_WARN_NON_LITERAL_NULL_CONVERSION = YES;
				CLANG_WARN_OBJC_IMPLICIT_RETAIN_SELF = YES;
				CLANG_WARN_OBJC_LITERAL_CONVERSION = YES;
				CLANG_WARN_OBJC_ROOT_CLASS = YES_ERROR;
				CLANG_WARN_QUOTED_INCLUDE_IN_FRAMEWORK_HEADER = YES;
				CLANG_WARN_RANGE_LOOP_ANALYSIS = YES;
				CLANG_WARN_STRICT_PROTOTYPES = YES;
				CLANG_WARN_SUSPICIOUS_MOVE = YES;
				CLANG_WARN_UNGUARDED_AVAILABILITY = YES_AGGRESSIVE;
				CLANG_WARN_UNREACHABLE_CODE = YES;
				CLANG_WARN__DUPLICATE_METHOD_MATCH = YES;
				COPY_PHASE_STRIP = NO;
				DEBUG_INFORMATION_FORMAT = dwarf;
				ENABLE_STRICT_OBJC_MSGSEND = YES;
				ENABLE_TESTABILITY = YES;
				ENABLE_USER_SCRIPT_SANDBOXING = YES;
				GCC_C_LANGUAGE_STANDARD = gnu17;
				GCC_DYNAMIC_NO_PIC = NO;
				GCC_NO_COMMON_BLOCKS = YES;
				GCC_OPTIMIZATION_LEVEL = 0;
				GCC_PREPROCESSOR_DEFINITIONS = (
					"DEBUG=1",
					"$(inherited)",
				);
				GCC_WARN_64_TO_32_BIT_CONVERSION = YES;
				GCC_WARN_ABOUT_RETURN_TYPE = YES_ERROR;
				GCC_WARN_UNDECLARED_SELECTOR = YES;
				GCC_WARN_UNINITIALIZED_AUTOS = YES_AGGRESSIVE;
				GCC_WARN_UNUSED_FUNCTION = YES;
				GCC_WARN_UNUSED_VARIABLE = YES;
				IPHONEOS_DEPLOYMENT_TARGET = 17.4;
				LOCALIZATION_PREFERS_STRING_CATALOGS = YES;
				MTL_ENABLE_DEBUG_INFO = INCLUDE_SOURCE;
				MTL_FAST_MATH = YES;
				ONLY_ACTIVE_ARCH = YES;
				SDKROOT = iphoneos;
				SWIFT_ACTIVE_COMPILATION_CONDITIONS = "DEBUG $(inherited)";
				SWIFT_OPTIMIZATION_LEVEL = "-Onone";
			};
			name = Debug;
		};
		745D0A812C0FB281006659AA /* Release */ = {
			isa = XCBuildConfiguration;
			buildSettings = {
				ALWAYS_SEARCH_USER_PATHS = NO;
				ASSETCATALOG_COMPILER_GENERATE_SWIFT_ASSET_SYMBOL_EXTENSIONS = YES;
				CLANG_ANALYZER_NONNULL = YES;
				CLANG_ANALYZER_NUMBER_OBJECT_CONVERSION = YES_AGGRESSIVE;
				CLANG_CXX_LANGUAGE_STANDARD = "gnu++20";
				CLANG_ENABLE_MODULES = YES;
				CLANG_ENABLE_OBJC_ARC = YES;
				CLANG_ENABLE_OBJC_WEAK = YES;
				CLANG_WARN_BLOCK_CAPTURE_AUTORELEASING = YES;
				CLANG_WARN_BOOL_CONVERSION = YES;
				CLANG_WARN_COMMA = YES;
				CLANG_WARN_CONSTANT_CONVERSION = YES;
				CLANG_WARN_DEPRECATED_OBJC_IMPLEMENTATIONS = YES;
				CLANG_WARN_DIRECT_OBJC_ISA_USAGE = YES_ERROR;
				CLANG_WARN_DOCUMENTATION_COMMENTS = YES;
				CLANG_WARN_EMPTY_BODY = YES;
				CLANG_WARN_ENUM_CONVERSION = YES;
				CLANG_WARN_INFINITE_RECURSION = YES;
				CLANG_WARN_INT_CONVERSION = YES;
				CLANG_WARN_NON_LITERAL_NULL_CONVERSION = YES;
				CLANG_WARN_OBJC_IMPLICIT_RETAIN_SELF = YES;
				CLANG_WARN_OBJC_LITERAL_CONVERSION = YES;
				CLANG_WARN_OBJC_ROOT_CLASS = YES_ERROR;
				CLANG_WARN_QUOTED_INCLUDE_IN_FRAMEWORK_HEADER = YES;
				CLANG_WARN_RANGE_LOOP_ANALYSIS = YES;
				CLANG_WARN_STRICT_PROTOTYPES = YES;
				CLANG_WARN_SUSPICIOUS_MOVE = YES;
				CLANG_WARN_UNGUARDED_AVAILABILITY = YES_AGGRESSIVE;
				CLANG_WARN_UNREACHABLE_CODE = YES;
				CLANG_WARN__DUPLICATE_METHOD_MATCH = YES;
				COPY_PHASE_STRIP = NO;
				DEBUG_INFORMATION_FORMAT = "dwarf-with-dsym";
				ENABLE_NS_ASSERTIONS = NO;
				ENABLE_STRICT_OBJC_MSGSEND = YES;
				ENABLE_USER_SCRIPT_SANDBOXING = YES;
				GCC_C_LANGUAGE_STANDARD = gnu17;
				GCC_NO_COMMON_BLOCKS = YES;
				GCC_WARN_64_TO_32_BIT_CONVERSION = YES;
				GCC_WARN_ABOUT_RETURN_TYPE = YES_ERROR;
				GCC_WARN_UNDECLARED_SELECTOR = YES;
				GCC_WARN_UNINITIALIZED_AUTOS = YES_AGGRESSIVE;
				GCC_WARN_UNUSED_FUNCTION = YES;
				GCC_WARN_UNUSED_VARIABLE = YES;
				IPHONEOS_DEPLOYMENT_TARGET = 17.4;
				LOCALIZATION_PREFERS_STRING_CATALOGS = YES;
				MTL_ENABLE_DEBUG_INFO = NO;
				MTL_FAST_MATH = YES;
				SDKROOT = iphoneos;
				SWIFT_COMPILATION_MODE = wholemodule;
				VALIDATE_PRODUCT = YES;
			};
			name = Release;
		};
		745D0A832C0FB281006659AA /* Debug */ = {
			isa = XCBuildConfiguration;
			buildSettings = {
				ASSETCATALOG_COMPILER_APPICON_NAME = AppIcon;
				ASSETCATALOG_COMPILER_GLOBAL_ACCENT_COLOR_NAME = AccentColor;
				CODE_SIGN_STYLE = Automatic;
				CURRENT_PROJECT_VERSION = 1;
				DEVELOPMENT_TEAM = R98D38WW8V;
				GENERATE_INFOPLIST_FILE = YES;
				INFOPLIST_FILE = RickAndMorty/Info.plist;
				INFOPLIST_KEY_CFBundleDisplayName = "Rick & Morty";
				INFOPLIST_KEY_LSApplicationCategoryType = "public.app-category.education";
				INFOPLIST_KEY_UIApplicationSupportsIndirectInputEvents = YES;
				INFOPLIST_KEY_UILaunchStoryboardName = LaunchScreen;
				INFOPLIST_KEY_UISupportedInterfaceOrientations_iPad = "UIInterfaceOrientationPortrait UIInterfaceOrientationPortraitUpsideDown UIInterfaceOrientationLandscapeLeft UIInterfaceOrientationLandscapeRight";
				INFOPLIST_KEY_UISupportedInterfaceOrientations_iPhone = "UIInterfaceOrientationPortrait UIInterfaceOrientationLandscapeLeft UIInterfaceOrientationLandscapeRight";
				LD_RUNPATH_SEARCH_PATHS = (
					"$(inherited)",
					"@executable_path/Frameworks",
				);
				MARKETING_VERSION = 1.0;
				PRODUCT_BUNDLE_IDENTIFIER = com.RickAndMortyyy;
				PRODUCT_NAME = "$(TARGET_NAME)";
				SWIFT_EMIT_LOC_STRINGS = YES;
				SWIFT_VERSION = 5.0;
				TARGETED_DEVICE_FAMILY = "1,2";
			};
			name = Debug;
		};
		745D0A842C0FB281006659AA /* Release */ = {
			isa = XCBuildConfiguration;
			buildSettings = {
				ASSETCATALOG_COMPILER_APPICON_NAME = AppIcon;
				ASSETCATALOG_COMPILER_GLOBAL_ACCENT_COLOR_NAME = AccentColor;
				CODE_SIGN_STYLE = Automatic;
				CURRENT_PROJECT_VERSION = 1;
				DEVELOPMENT_TEAM = R98D38WW8V;
				GENERATE_INFOPLIST_FILE = YES;
				INFOPLIST_FILE = RickAndMorty/Info.plist;
				INFOPLIST_KEY_CFBundleDisplayName = "Rick & Morty";
				INFOPLIST_KEY_LSApplicationCategoryType = "public.app-category.education";
				INFOPLIST_KEY_UIApplicationSupportsIndirectInputEvents = YES;
				INFOPLIST_KEY_UILaunchStoryboardName = LaunchScreen;
				INFOPLIST_KEY_UISupportedInterfaceOrientations_iPad = "UIInterfaceOrientationPortrait UIInterfaceOrientationPortraitUpsideDown UIInterfaceOrientationLandscapeLeft UIInterfaceOrientationLandscapeRight";
				INFOPLIST_KEY_UISupportedInterfaceOrientations_iPhone = "UIInterfaceOrientationPortrait UIInterfaceOrientationLandscapeLeft UIInterfaceOrientationLandscapeRight";
				LD_RUNPATH_SEARCH_PATHS = (
					"$(inherited)",
					"@executable_path/Frameworks",
				);
				MARKETING_VERSION = 1.0;
				PRODUCT_BUNDLE_IDENTIFIER = com.RickAndMortyyy;
				PRODUCT_NAME = "$(TARGET_NAME)";
				SWIFT_EMIT_LOC_STRINGS = YES;
				SWIFT_VERSION = 5.0;
				TARGETED_DEVICE_FAMILY = "1,2";
			};
			name = Release;
		};
/* End XCBuildConfiguration section */

/* Begin XCConfigurationList section */
		745D0A692C0FB280006659AA /* Build configuration list for PBXProject "RickAndMorty" */ = {
			isa = XCConfigurationList;
			buildConfigurations = (
				745D0A802C0FB281006659AA /* Debug */,
				745D0A812C0FB281006659AA /* Release */,
			);
			defaultConfigurationIsVisible = 0;
			defaultConfigurationName = Release;
		};
		745D0A822C0FB281006659AA /* Build configuration list for PBXNativeTarget "RickAndMorty" */ = {
			isa = XCConfigurationList;
			buildConfigurations = (
				745D0A832C0FB281006659AA /* Debug */,
				745D0A842C0FB281006659AA /* Release */,
			);
			defaultConfigurationIsVisible = 0;
			defaultConfigurationName = Release;
		};
/* End XCConfigurationList section */
	};
	rootObject = 745D0A662C0FB280006659AA /* Project object */;
}
